
Microsoft Visual Studio Solution File, Format Version 12.00
# Visual Studio Version 17
VisualStudioVersion = 17.1.32407.343
MinimumVisualStudioVersion = 10.0.40219.1
Project("{FAE04EC0-301F-11D3-BF4B-00C04F79EFBC}") = "StartPage", "StartPage.csproj", "{4FDF1E89-5BC3-4C72-8FDA-0D580E7A5D5F}"
EndProject
Project("{FAE04EC0-301F-11D3-BF4B-00C04F79EFBC}") = "StartPage.SDK", "..\StartPage.SDK\StartPage.SDK.csproj", "{E5B54CC9-566F-4E3E-8829-65C2FCCB7BDE}"
EndProject
Project("{FAE04EC0-301F-11D3-BF4B-00C04F79EFBC}") = "PlayniteCommon", "..\..\extern\PlayniteCommon\PlayniteCommon.csproj", "{426461DC-3089-4EC5-99A2-A55733ED33FE}"
EndProject
Project("{FAE04EC0-301F-11D3-BF4B-00C04F79EFBC}") = "StartPage.SDK.Async", "..\StartPage.SDK.Async\StartPage.SDK.Async.csproj", "{E2689976-625B-4BFF-AB23-54CB4B978C87}"
EndProject
Global
	GlobalSection(SolutionConfigurationPlatforms) = preSolution
		Debug|Any CPU = Debug|Any CPU
		Release|Any CPU = Release|Any CPU
	EndGlobalSection
	GlobalSection(ProjectConfigurationPlatforms) = postSolution
		{4FDF1E89-5BC3-4C72-8FDA-0D580E7A5D5F}.Debug|Any CPU.ActiveCfg = Debug|Any CPU
		{4FDF1E89-5BC3-4C72-8FDA-0D580E7A5D5F}.Debug|Any CPU.Build.0 = Debug|Any CPU
		{4FDF1E89-5BC3-4C72-8FDA-0D580E7A5D5F}.Release|Any CPU.ActiveCfg = Release|Any CPU
		{4FDF1E89-5BC3-4C72-8FDA-0D580E7A5D5F}.Release|Any CPU.Build.0 = Release|Any CPU
		{E5B54CC9-566F-4E3E-8829-65C2FCCB7BDE}.Debug|Any CPU.ActiveCfg = Debug|Any CPU
		{E5B54CC9-566F-4E3E-8829-65C2FCCB7BDE}.Debug|Any CPU.Build.0 = Debug|Any CPU
		{E5B54CC9-566F-4E3E-8829-65C2FCCB7BDE}.Release|Any CPU.ActiveCfg = Release|Any CPU
		{E5B54CC9-566F-4E3E-8829-65C2FCCB7BDE}.Release|Any CPU.Build.0 = Release|Any CPU
		{426461DC-3089-4EC5-99A2-A55733ED33FE}.Debug|Any CPU.ActiveCfg = Debug|Any CPU
		{426461DC-3089-4EC5-99A2-A55733ED33FE}.Debug|Any CPU.Build.0 = Debug|Any CPU
		{426461DC-3089-4EC5-99A2-A55733ED33FE}.Release|Any CPU.ActiveCfg = Release|Any CPU
		{426461DC-3089-4EC5-99A2-A55733ED33FE}.Release|Any CPU.Build.0 = Release|Any CPU
		{E2689976-625B-4BFF-AB23-54CB4B978C87}.Debug|Any CPU.ActiveCfg = Debug|Any CPU
		{E2689976-625B-4BFF-AB23-54CB4B978C87}.Debug|Any CPU.Build.0 = Debug|Any CPU
		{E2689976-625B-4BFF-AB23-54CB4B978C87}.Release|Any CPU.ActiveCfg = Release|Any CPU
		{E2689976-625B-4BFF-AB23-54CB4B978C87}.Release|Any CPU.Build.0 = Release|Any CPU
	EndGlobalSection
	GlobalSection(SolutionProperties) = preSolution
		HideSolutionNode = FALSE
	EndGlobalSection
	GlobalSection(ExtensibilityGlobals) = postSolution
		SolutionGuid = {4AF420EF-103B-48EA-813F-98B2901DAB5E}
	EndGlobalSection
EndGlobal
